
Microsoft Visual Studio Solution File, Format Version 12.00
# Visual Studio Version 16
VisualStudioVersion = 16.0.30011.22
MinimumVisualStudioVersion = 10.0.40219.1
Project("{9A19103F-16F7-4668-BE54-9A1E7A4F7556}") = "ConsoleApp1", "ConsoleApp1\ConsoleApp1.csproj", "{1F0C1833-A997-425C-BAC3-E1B898A6E231}"
EndProject
Project("{9A19103F-16F7-4668-BE54-9A1E7A4F7556}") = "ConsoleApp2", "ConsoleApp2\ConsoleApp2.csproj", "{F867A616-F009-4A2B-BEFA-E798EE67E9B2}"
EndProject
Project("{9A19103F-16F7-4668-BE54-9A1E7A4F7556}") = "ConsoleApp3", "ConsoleApp3\ConsoleApp3.csproj", "{C4363696-BEE8-4526-B9E8-999EC376DB11}"
EndProject
Project("{9A19103F-16F7-4668-BE54-9A1E7A4F7556}") = "ConsoleApp4", "ConsoleApp4\ConsoleApp4.csproj", "{557F2608-4282-404C-9614-3EF308ECA48D}"
EndProject
Project("{9A19103F-16F7-4668-BE54-9A1E7A4F7556}") = "ConsoleApp5", "ConsoleApp5\ConsoleApp5.csproj", "{FE7790C4-B614-4795-A7FE-1F53007CA78F}"
EndProject
Project("{9A19103F-16F7-4668-BE54-9A1E7A4F7556}") = "ConsoleApp6", "ConsoleApp6\ConsoleApp6.csproj", "{A851ADBF-5888-4B95-8AEA-EE58142B9794}"
EndProject
Project("{9A19103F-16F7-4668-BE54-9A1E7A4F7556}") = "ConsoleApp7", "ConsoleApp7\ConsoleApp7.csproj", "{B07D3585-60BA-479B-BD89-4F19DA6BDE38}"
EndProject
Project("{9A19103F-16F7-4668-BE54-9A1E7A4F7556}") = "property", "property\property.csproj", "{2A8123C7-4434-4F5F-B9DF-D712191DCFE1}"
EndProject
Project("{9A19103F-16F7-4668-BE54-9A1E7A4F7556}") = "abstract class", "abstract class\abstract class.csproj", "{BAA05182-DFB3-4E8C-A55B-C0041A88043E}"
EndProject
Project("{9A19103F-16F7-4668-BE54-9A1E7A4F7556}") = "ConsoleApp8", "ConsoleApp8\ConsoleApp8.csproj", "{829CDFBD-5B7D-4A38-8EC2-DB089A726C7B}"
EndProject
Project("{9A19103F-16F7-4668-BE54-9A1E7A4F7556}") = "ConsoleApp9", "ConsoleApp9\ConsoleApp9.csproj", "{00C87847-F7B9-4155-8846-382CBB1F3294}"
EndProject
Project("{9A19103F-16F7-4668-BE54-9A1E7A4F7556}") = "ConsoleApp10", "ConsoleApp10\ConsoleApp10.csproj", "{65152CC2-BAA9-4308-9A55-742A268F19C4}"
EndProject
Project("{9A19103F-16F7-4668-BE54-9A1E7A4F7556}") = "ConsoleApp11", "ConsoleApp11\ConsoleApp11.csproj", "{94BF7010-731B-4E3A-9B41-ECF7FFAB4824}"
EndProject
Project("{9A19103F-16F7-4668-BE54-9A1E7A4F7556}") = "ConsoleApp12", "ConsoleApp12\ConsoleApp12.csproj", "{70482914-2F43-4DA5-BB02-67124923461A}"
EndProject
Project("{9A19103F-16F7-4668-BE54-9A1E7A4F7556}") = "ConsoleApp13", "ConsoleApp13\ConsoleApp13.csproj", "{36E8F069-8C8E-4B2C-916A-3861F873465F}"
EndProject
Project("{9A19103F-16F7-4668-BE54-9A1E7A4F7556}") = "ConsoleApp14", "ConsoleApp14\ConsoleApp14.csproj", "{48047F5A-7D9F-4654-8F77-C7B3A4B069AF}"
EndProject
Project("{9A19103F-16F7-4668-BE54-9A1E7A4F7556}") = "ConsoleApp15", "ConsoleApp15\ConsoleApp15.csproj", "{F13FD5AD-0A49-44CA-BBAB-DA4B8C45A25A}"
EndProject
Project("{9A19103F-16F7-4668-BE54-9A1E7A4F7556}") = "ConsoleApp16", "ConsoleApp16\ConsoleApp16.csproj", "{D05408A5-A52D-4039-97D0-440B349A7139}"
EndProject
Project("{9A19103F-16F7-4668-BE54-9A1E7A4F7556}") = "ConsoleApp17", "ConsoleApp17\ConsoleApp17.csproj", "{27157334-EAF0-46F4-8601-69F68AA8DA32}"
EndProject
Project("{9A19103F-16F7-4668-BE54-9A1E7A4F7556}") = "ConsoleApp18", "ConsoleApp18\ConsoleApp18.csproj", "{42B2E54C-5A1F-4116-B6CF-B82ECFA8723A}"
EndProject
Project("{9A19103F-16F7-4668-BE54-9A1E7A4F7556}") = "ConsoleApp19", "ConsoleApp19\ConsoleApp19.csproj", "{14BD009F-BC34-4257-8FC9-246E5E844C87}"
EndProject
Project("{FAE04EC0-301F-11D3-BF4B-00C04F79EFBC}") = "ConsoleApp20", "ConsoleApp20\ConsoleApp20.csproj", "{7D7E1B84-F449-4005-9751-E62D30016575}"
EndProject
Project("{FAE04EC0-301F-11D3-BF4B-00C04F79EFBC}") = "ConsoleApp21", "ConsoleApp21\ConsoleApp21.csproj", "{3B1EBAAC-70C7-46A0-AE60-E2FE639193DD}"
EndProject
Global
	GlobalSection(SolutionConfigurationPlatforms) = preSolution
		Debug|Any CPU = Debug|Any CPU
		Release|Any CPU = Release|Any CPU
	EndGlobalSection
	GlobalSection(ProjectConfigurationPlatforms) = postSolution
		{1F0C1833-A997-425C-BAC3-E1B898A6E231}.Debug|Any CPU.ActiveCfg = Debug|Any CPU
		{1F0C1833-A997-425C-BAC3-E1B898A6E231}.Debug|Any CPU.Build.0 = Debug|Any CPU
		{1F0C1833-A997-425C-BAC3-E1B898A6E231}.Release|Any CPU.ActiveCfg = Release|Any CPU
		{1F0C1833-A997-425C-BAC3-E1B898A6E231}.Release|Any CPU.Build.0 = Release|Any CPU
		{F867A616-F009-4A2B-BEFA-E798EE67E9B2}.Debug|Any CPU.ActiveCfg = Debug|Any CPU
		{F867A616-F009-4A2B-BEFA-E798EE67E9B2}.Debug|Any CPU.Build.0 = Debug|Any CPU
		{F867A616-F009-4A2B-BEFA-E798EE67E9B2}.Release|Any CPU.ActiveCfg = Release|Any CPU
		{F867A616-F009-4A2B-BEFA-E798EE67E9B2}.Release|Any CPU.Build.0 = Release|Any CPU
		{C4363696-BEE8-4526-B9E8-999EC376DB11}.Debug|Any CPU.ActiveCfg = Debug|Any CPU
		{C4363696-BEE8-4526-B9E8-999EC376DB11}.Debug|Any CPU.Build.0 = Debug|Any CPU
		{C4363696-BEE8-4526-B9E8-999EC376DB11}.Release|Any CPU.ActiveCfg = Release|Any CPU
		{C4363696-BEE8-4526-B9E8-999EC376DB11}.Release|Any CPU.Build.0 = Release|Any CPU
		{557F2608-4282-404C-9614-3EF308ECA48D}.Debug|Any CPU.ActiveCfg = Debug|Any CPU
		{557F2608-4282-404C-9614-3EF308ECA48D}.Debug|Any CPU.Build.0 = Debug|Any CPU
		{557F2608-4282-404C-9614-3EF308ECA48D}.Release|Any CPU.ActiveCfg = Release|Any CPU
		{557F2608-4282-404C-9614-3EF308ECA48D}.Release|Any CPU.Build.0 = Release|Any CPU
		{FE7790C4-B614-4795-A7FE-1F53007CA78F}.Debug|Any CPU.ActiveCfg = Debug|Any CPU
		{FE7790C4-B614-4795-A7FE-1F53007CA78F}.Debug|Any CPU.Build.0 = Debug|Any CPU
		{FE7790C4-B614-4795-A7FE-1F53007CA78F}.Release|Any CPU.ActiveCfg = Release|Any CPU
		{FE7790C4-B614-4795-A7FE-1F53007CA78F}.Release|Any CPU.Build.0 = Release|Any CPU
		{A851ADBF-5888-4B95-8AEA-EE58142B9794}.Debug|Any CPU.ActiveCfg = Debug|Any CPU
		{A851ADBF-5888-4B95-8AEA-EE58142B9794}.Debug|Any CPU.Build.0 = Debug|Any CPU
		{A851ADBF-5888-4B95-8AEA-EE58142B9794}.Release|Any CPU.ActiveCfg = Release|Any CPU
		{A851ADBF-5888-4B95-8AEA-EE58142B9794}.Release|Any CPU.Build.0 = Release|Any CPU
		{B07D3585-60BA-479B-BD89-4F19DA6BDE38}.Debug|Any CPU.ActiveCfg = Debug|Any CPU
		{B07D3585-60BA-479B-BD89-4F19DA6BDE38}.Debug|Any CPU.Build.0 = Debug|Any CPU
		{B07D3585-60BA-479B-BD89-4F19DA6BDE38}.Release|Any CPU.ActiveCfg = Release|Any CPU
		{B07D3585-60BA-479B-BD89-4F19DA6BDE38}.Release|Any CPU.Build.0 = Release|Any CPU
		{2A8123C7-4434-4F5F-B9DF-D712191DCFE1}.Debug|Any CPU.ActiveCfg = Debug|Any CPU
		{2A8123C7-4434-4F5F-B9DF-D712191DCFE1}.Debug|Any CPU.Build.0 = Debug|Any CPU
		{2A8123C7-4434-4F5F-B9DF-D712191DCFE1}.Release|Any CPU.ActiveCfg = Release|Any CPU
		{2A8123C7-4434-4F5F-B9DF-D712191DCFE1}.Release|Any CPU.Build.0 = Release|Any CPU
		{BAA05182-DFB3-4E8C-A55B-C0041A88043E}.Debug|Any CPU.ActiveCfg = Debug|Any CPU
		{BAA05182-DFB3-4E8C-A55B-C0041A88043E}.Debug|Any CPU.Build.0 = Debug|Any CPU
		{BAA05182-DFB3-4E8C-A55B-C0041A88043E}.Release|Any CPU.ActiveCfg = Release|Any CPU
		{BAA05182-DFB3-4E8C-A55B-C0041A88043E}.Release|Any CPU.Build.0 = Release|Any CPU
		{829CDFBD-5B7D-4A38-8EC2-DB089A726C7B}.Debug|Any CPU.ActiveCfg = Debug|Any CPU
		{829CDFBD-5B7D-4A38-8EC2-DB089A726C7B}.Debug|Any CPU.Build.0 = Debug|Any CPU
		{829CDFBD-5B7D-4A38-8EC2-DB089A726C7B}.Release|Any CPU.ActiveCfg = Release|Any CPU
		{829CDFBD-5B7D-4A38-8EC2-DB089A726C7B}.Release|Any CPU.Build.0 = Release|Any CPU
		{00C87847-F7B9-4155-8846-382CBB1F3294}.Debug|Any CPU.ActiveCfg = Debug|Any CPU
		{00C87847-F7B9-4155-8846-382CBB1F3294}.Debug|Any CPU.Build.0 = Debug|Any CPU
		{00C87847-F7B9-4155-8846-382CBB1F3294}.Release|Any CPU.ActiveCfg = Release|Any CPU
		{00C87847-F7B9-4155-8846-382CBB1F3294}.Release|Any CPU.Build.0 = Release|Any CPU
		{65152CC2-BAA9-4308-9A55-742A268F19C4}.Debug|Any CPU.ActiveCfg = Debug|Any CPU
		{65152CC2-BAA9-4308-9A55-742A268F19C4}.Debug|Any CPU.Build.0 = Debug|Any CPU
		{65152CC2-BAA9-4308-9A55-742A268F19C4}.Release|Any CPU.ActiveCfg = Release|Any CPU
		{65152CC2-BAA9-4308-9A55-742A268F19C4}.Release|Any CPU.Build.0 = Release|Any CPU
		{94BF7010-731B-4E3A-9B41-ECF7FFAB4824}.Debug|Any CPU.ActiveCfg = Debug|Any CPU
		{94BF7010-731B-4E3A-9B41-ECF7FFAB4824}.Debug|Any CPU.Build.0 = Debug|Any CPU
		{94BF7010-731B-4E3A-9B41-ECF7FFAB4824}.Release|Any CPU.ActiveCfg = Release|Any CPU
		{94BF7010-731B-4E3A-9B41-ECF7FFAB4824}.Release|Any CPU.Build.0 = Release|Any CPU
		{70482914-2F43-4DA5-BB02-67124923461A}.Debug|Any CPU.ActiveCfg = Debug|Any CPU
		{70482914-2F43-4DA5-BB02-67124923461A}.Debug|Any CPU.Build.0 = Debug|Any CPU
		{70482914-2F43-4DA5-BB02-67124923461A}.Release|Any CPU.ActiveCfg = Release|Any CPU
		{70482914-2F43-4DA5-BB02-67124923461A}.Release|Any CPU.Build.0 = Release|Any CPU
		{36E8F069-8C8E-4B2C-916A-3861F873465F}.Debug|Any CPU.ActiveCfg = Debug|Any CPU
		{36E8F069-8C8E-4B2C-916A-3861F873465F}.Debug|Any CPU.Build.0 = Debug|Any CPU
		{36E8F069-8C8E-4B2C-916A-3861F873465F}.Release|Any CPU.ActiveCfg = Release|Any CPU
		{36E8F069-8C8E-4B2C-916A-3861F873465F}.Release|Any CPU.Build.0 = Release|Any CPU
		{48047F5A-7D9F-4654-8F77-C7B3A4B069AF}.Debug|Any CPU.ActiveCfg = Debug|Any CPU
		{48047F5A-7D9F-4654-8F77-C7B3A4B069AF}.Debug|Any CPU.Build.0 = Debug|Any CPU
		{48047F5A-7D9F-4654-8F77-C7B3A4B069AF}.Release|Any CPU.ActiveCfg = Release|Any CPU
		{48047F5A-7D9F-4654-8F77-C7B3A4B069AF}.Release|Any CPU.Build.0 = Release|Any CPU
		{F13FD5AD-0A49-44CA-BBAB-DA4B8C45A25A}.Debug|Any CPU.ActiveCfg = Debug|Any CPU
		{F13FD5AD-0A49-44CA-BBAB-DA4B8C45A25A}.Debug|Any CPU.Build.0 = Debug|Any CPU
		{F13FD5AD-0A49-44CA-BBAB-DA4B8C45A25A}.Release|Any CPU.ActiveCfg = Release|Any CPU
		{F13FD5AD-0A49-44CA-BBAB-DA4B8C45A25A}.Release|Any CPU.Build.0 = Release|Any CPU
		{D05408A5-A52D-4039-97D0-440B349A7139}.Debug|Any CPU.ActiveCfg = Debug|Any CPU
		{D05408A5-A52D-4039-97D0-440B349A7139}.Debug|Any CPU.Build.0 = Debug|Any CPU
		{D05408A5-A52D-4039-97D0-440B349A7139}.Release|Any CPU.ActiveCfg = Release|Any CPU
		{D05408A5-A52D-4039-97D0-440B349A7139}.Release|Any CPU.Build.0 = Release|Any CPU
		{27157334-EAF0-46F4-8601-69F68AA8DA32}.Debug|Any CPU.ActiveCfg = Debug|Any CPU
		{27157334-EAF0-46F4-8601-69F68AA8DA32}.Debug|Any CPU.Build.0 = Debug|Any CPU
		{27157334-EAF0-46F4-8601-69F68AA8DA32}.Release|Any CPU.ActiveCfg = Release|Any CPU
		{27157334-EAF0-46F4-8601-69F68AA8DA32}.Release|Any CPU.Build.0 = Release|Any CPU
		{42B2E54C-5A1F-4116-B6CF-B82ECFA8723A}.Debug|Any CPU.ActiveCfg = Debug|Any CPU
		{42B2E54C-5A1F-4116-B6CF-B82ECFA8723A}.Debug|Any CPU.Build.0 = Debug|Any CPU
		{42B2E54C-5A1F-4116-B6CF-B82ECFA8723A}.Release|Any CPU.ActiveCfg = Release|Any CPU
		{42B2E54C-5A1F-4116-B6CF-B82ECFA8723A}.Release|Any CPU.Build.0 = Release|Any CPU
		{14BD009F-BC34-4257-8FC9-246E5E844C87}.Debug|Any CPU.ActiveCfg = Debug|Any CPU
		{14BD009F-BC34-4257-8FC9-246E5E844C87}.Debug|Any CPU.Build.0 = Debug|Any CPU
		{14BD009F-BC34-4257-8FC9-246E5E844C87}.Release|Any CPU.ActiveCfg = Release|Any CPU
		{14BD009F-BC34-4257-8FC9-246E5E844C87}.Release|Any CPU.Build.0 = Release|Any CPU
		{7D7E1B84-F449-4005-9751-E62D30016575}.Debug|Any CPU.ActiveCfg = Debug|Any CPU
		{7D7E1B84-F449-4005-9751-E62D30016575}.Debug|Any CPU.Build.0 = Debug|Any CPU
		{7D7E1B84-F449-4005-9751-E62D30016575}.Release|Any CPU.ActiveCfg = Release|Any CPU
		{7D7E1B84-F449-4005-9751-E62D30016575}.Release|Any CPU.Build.0 = Release|Any CPU
		{3B1EBAAC-70C7-46A0-AE60-E2FE639193DD}.Debug|Any CPU.ActiveCfg = Debug|Any CPU
		{3B1EBAAC-70C7-46A0-AE60-E2FE639193DD}.Debug|Any CPU.Build.0 = Debug|Any CPU
		{3B1EBAAC-70C7-46A0-AE60-E2FE639193DD}.Release|Any CPU.ActiveCfg = Release|Any CPU
		{3B1EBAAC-70C7-46A0-AE60-E2FE639193DD}.Release|Any CPU.Build.0 = Release|Any CPU
	EndGlobalSection
	GlobalSection(SolutionProperties) = preSolution
		HideSolutionNode = FALSE
	EndGlobalSection
	GlobalSection(ExtensibilityGlobals) = postSolution
		SolutionGuid = {9E17A77A-BE9B-41A5-AA9C-5F4C09B2A9CF}
	EndGlobalSection
EndGlobal
